
Microsoft Visual Studio Solution File, Format Version 12.00
# Visual Studio 15
VisualStudioVersion = 15.0.27130.2010
MinimumVisualStudioVersion = 10.0.40219.1
Project("{FAE04EC0-301F-11D3-BF4B-00C04F79EFBC}") = "S4Launcher Dark", "S4Launcher Dark\S4Launcher Dark.csproj", "{837BB367-D14F-4A40-9418-EC5967DA15BC}"
EndProject
Global
	GlobalSection(SolutionConfigurationPlatforms) = preSolution
		Debug|Any CPU = Debug|Any CPU
		Release|Any CPU = Release|Any CPU
	EndGlobalSection
	GlobalSection(ProjectConfigurationPlatforms) = postSolution
		{837BB367-D14F-4A40-9418-EC5967DA15BC}.Debug|Any CPU.ActiveCfg = Debug|Any CPU
		{837BB367-D14F-4A40-9418-EC5967DA15BC}.Debug|Any CPU.Build.0 = Debug|Any CPU
		{837BB367-D14F-4A40-9418-EC5967DA15BC}.Release|Any CPU.ActiveCfg = Release|Any CPU
		{837BB367-D14F-4A40-9418-EC5967DA15BC}.Release|Any CPU.Build.0 = Release|Any CPU
	EndGlobalSection
	GlobalSection(SolutionProperties) = preSolution
		HideSolutionNode = FALSE
	EndGlobalSection
	GlobalSection(ExtensibilityGlobals) = postSolution
		SolutionGuid = {E94FBCD8-5F8D-4219-8DF7-BAE65CC7F55A}
	EndGlobalSection
EndGlobal
